
Microsoft Visual Studio Solution File, Format Version 12.00
# Visual Studio Version 16
VisualStudioVersion = 16.0.32002.261
MinimumVisualStudioVersion = 10.0.40219.1
Project("{FAE04EC0-301F-11D3-BF4B-00C04F79EFBC}") = "CustomAnnouncement", "CustomAnnouncement.csproj", "{70AA98B8-856C-4965-B477-072EA9A25E1A}"
EndProject
Global
	GlobalSection(SolutionConfigurationPlatforms) = preSolution
		Debug|Any CPU = Debug|Any CPU
		Release|Any CPU = Release|Any CPU
	EndGlobalSection
	GlobalSection(ProjectConfigurationPlatforms) = postSolution
		{70AA98B8-856C-4965-B477-072EA9A25E1A}.Debug|Any CPU.ActiveCfg = Debug|Any CPU
		{70AA98B8-856C-4965-B477-072EA9A25E1A}.Debug|Any CPU.Build.0 = Debug|Any CPU
		{70AA98B8-856C-4965-B477-072EA9A25E1A}.Release|Any CPU.ActiveCfg = Release|Any CPU
		{70AA98B8-856C-4965-B477-072EA9A25E1A}.Release|Any CPU.Build.0 = Release|Any CPU
	EndGlobalSection
	GlobalSection(SolutionProperties) = preSolution
		HideSolutionNode = FALSE
	EndGlobalSection
	GlobalSection(ExtensibilityGlobals) = postSolution
		SolutionGuid = {8C8125C9-248F-418A-9FDC-422BBEDDE5B4}
	EndGlobalSection
EndGlobal
